
Microsoft Visual Studio Solution File, Format Version 12.00
# Visual Studio Version 16
VisualStudioVersion = 25.0.1706.10
MinimumVisualStudioVersion = 10.0.40219.1
Project("{FAE04EC0-301F-11D3-BF4B-00C04F79EFBC}") = "CSTest", "CSTest\CSTest.csproj", "{E9D87A44-32C5-4471-A261-D174B5087B32}"
EndProject
Global
	GlobalSection(SolutionConfigurationPlatforms) = preSolution
		Debug|Any CPU = Debug|Any CPU
		Release|Any CPU = Release|Any CPU
	EndGlobalSection
	GlobalSection(ProjectConfigurationPlatforms) = postSolution
		{E9D87A44-32C5-4471-A261-D174B5087B32}.Debug|Any CPU.ActiveCfg = Debug|Any CPU
		{E9D87A44-32C5-4471-A261-D174B5087B32}.Debug|Any CPU.Build.0 = Debug|Any CPU
		{E9D87A44-32C5-4471-A261-D174B5087B32}.Release|Any CPU.ActiveCfg = Release|Any CPU
		{E9D87A44-32C5-4471-A261-D174B5087B32}.Release|Any CPU.Build.0 = Release|Any CPU
	EndGlobalSection
	GlobalSection(SolutionProperties) = preSolution
		HideSolutionNode = FALSE
	EndGlobalSection
	GlobalSection(ExtensibilityGlobals) = postSolution
		SolutionGuid = {A808ED55-621A-43FA-B7F4-C063993F91ED}
	EndGlobalSection
EndGlobal
